{
  "name": "ttt",
  "version": "1.0.0",
  "lockfileVersion": 1,
  "requires": true,
  "dependencies": {
    "tictactoe-freecodecamp": {
      "version": "1.0.1",
      "resolved": "https://registry.npmjs.org/tictactoe-freecodecamp/-/tictactoe-freecodecamp-1.0.1.tgz",
      "integrity": "sha512-q5qia0zrQLvWVk0tqtkjUTiV9p3GKy4M3JO6cuvvdx4dBW0gu+tKQrTbGVOrZcmjCzZdofJfWvqRC8BX9UBiWg=="
    }
  }
}
