{
  "name": "ttt",
  "version": "1.0.0",
  "lockfileVersion": 1,
  "dependencies": {
    "tictactoe-freecodecamp": {
      "version": "1.0.0",
      "resolved": "https://registry.npmjs.org/tictactoe-freecodecamp/-/tictactoe-freecodecamp-1.0.0.tgz",
      "integrity": "sha1-xXqN5zQdfnTRJ4ILT+PB7vDwjoY="
    }
  }
}
